
Microsoft Visual Studio Solution File, Format Version 12.00
# Visual Studio Version 16
VisualStudioVersion = 16.0.32630.194
MinimumVisualStudioVersion = 10.0.40219.1
Project("{FAE04EC0-301F-11D3-BF4B-00C04F79EFBC}") = "davaleba 1", "davaleba 1.csproj", "{B6B3A76B-3714-456D-8911-AD8DEE42F6F2}"
EndProject
Global
	GlobalSection(SolutionConfigurationPlatforms) = preSolution
		Debug|Any CPU = Debug|Any CPU
		Release|Any CPU = Release|Any CPU
	EndGlobalSection
	GlobalSection(ProjectConfigurationPlatforms) = postSolution
		{B6B3A76B-3714-456D-8911-AD8DEE42F6F2}.Debug|Any CPU.ActiveCfg = Debug|Any CPU
		{B6B3A76B-3714-456D-8911-AD8DEE42F6F2}.Debug|Any CPU.Build.0 = Debug|Any CPU
		{B6B3A76B-3714-456D-8911-AD8DEE42F6F2}.Release|Any CPU.ActiveCfg = Release|Any CPU
		{B6B3A76B-3714-456D-8911-AD8DEE42F6F2}.Release|Any CPU.Build.0 = Release|Any CPU
	EndGlobalSection
	GlobalSection(SolutionProperties) = preSolution
		HideSolutionNode = FALSE
	EndGlobalSection
	GlobalSection(ExtensibilityGlobals) = postSolution
		SolutionGuid = {2CB5C7E9-67C2-48CE-A3A2-A3720CAE5D20}
	EndGlobalSection
EndGlobal
